
Microsoft Visual Studio Solution File, Format Version 12.00
# Visual Studio Version 16
VisualStudioVersion = 16.0.30204.135
MinimumVisualStudioVersion = 10.0.40219.1
Project("{FAE04EC0-301F-11D3-BF4B-00C04F79EFBC}") = "coneccion base de datos", "coneccion base de datos.csproj", "{BFC71E4F-EF6E-49C5-8874-99825CED902A}"
EndProject
Global
	GlobalSection(SolutionConfigurationPlatforms) = preSolution
		Debug|Any CPU = Debug|Any CPU
		Release|Any CPU = Release|Any CPU
	EndGlobalSection
	GlobalSection(ProjectConfigurationPlatforms) = postSolution
		{BFC71E4F-EF6E-49C5-8874-99825CED902A}.Debug|Any CPU.ActiveCfg = Debug|Any CPU
		{BFC71E4F-EF6E-49C5-8874-99825CED902A}.Debug|Any CPU.Build.0 = Debug|Any CPU
		{BFC71E4F-EF6E-49C5-8874-99825CED902A}.Release|Any CPU.ActiveCfg = Release|Any CPU
		{BFC71E4F-EF6E-49C5-8874-99825CED902A}.Release|Any CPU.Build.0 = Release|Any CPU
	EndGlobalSection
	GlobalSection(SolutionProperties) = preSolution
		HideSolutionNode = FALSE
	EndGlobalSection
	GlobalSection(ExtensibilityGlobals) = postSolution
		SolutionGuid = {6D215440-E7BA-44CF-95F6-3EC70153AEA1}
	EndGlobalSection
EndGlobal
